Microsoft Visual Studio Solution File, Format Version 12.00
# Visual Studio Version 16
VisualStudioVersion = 16.0.33328.57
MinimumVisualStudioVersion = 10.0.40219.1
Project("{8BC9CEB8-8B4A-11D0-8D11-00A0C91BC942}") = "nestingbirds", "nestingbirds\nestingbirds.vcxproj", "{B3746F26-576F-4950-9490-9D00F9591C23}"
EndProject
Project("{8BC9CEB8-8B4A-11D0-8D11-00A0C91BC942}") = "nestingbirds_rnn", "nestingbirds\nestingbirds_rnn.vcxproj", "{48E39E15-BE7E-48D2-8F2F-3DC6B090282F}"
EndProject
Global
	GlobalSection(SolutionConfigurationPlatforms) = preSolution
		Debug|Any CPU = Debug|Any CPU
		Debug|Mixed Platforms = Debug|Mixed Platforms
		Debug|Win32 = Debug|Win32
		Debug|x64 = Debug|x64
		Release|Any CPU = Release|Any CPU
		Release|Mixed Platforms = Release|Mixed Platforms
		Release|Win32 = Release|Win32
		Release|x64 = Release|x64
	EndGlobalSection
	GlobalSection(ProjectConfigurationPlatforms) = postSolution
		{B3746F26-576F-4950-9490-9D00F9591C23}.Debug|Any CPU.ActiveCfg = Debug|Win32
		{B3746F26-576F-4950-9490-9D00F9591C23}.Debug|Mixed Platforms.ActiveCfg = Debug|Win32
		{B3746F26-576F-4950-9490-9D00F9591C23}.Debug|Mixed Platforms.Build.0 = Debug|Win32
		{B3746F26-576F-4950-9490-9D00F9591C23}.Debug|Win32.ActiveCfg = Debug|Win32
		{B3746F26-576F-4950-9490-9D00F9591C23}.Debug|Win32.Build.0 = Debug|Win32
		{B3746F26-576F-4950-9490-9D00F9591C23}.Debug|x64.ActiveCfg = Debug|x64
		{B3746F26-576F-4950-9490-9D00F9591C23}.Debug|x64.Build.0 = Debug|x64
		{B3746F26-576F-4950-9490-9D00F9591C23}.Release|Any CPU.ActiveCfg = Release|Win32
		{B3746F26-576F-4950-9490-9D00F9591C23}.Release|Mixed Platforms.ActiveCfg = Release|Win32
		{B3746F26-576F-4950-9490-9D00F9591C23}.Release|Mixed Platforms.Build.0 = Release|Win32
		{B3746F26-576F-4950-9490-9D00F9591C23}.Release|Win32.ActiveCfg = Release|Win32
		{B3746F26-576F-4950-9490-9D00F9591C23}.Release|Win32.Build.0 = Release|Win32
		{B3746F26-576F-4950-9490-9D00F9591C23}.Release|x64.ActiveCfg = Release|x64
		{B3746F26-576F-4950-9490-9D00F9591C23}.Release|x64.Build.0 = Release|x64
		{48E39E15-BE7E-48D2-8F2F-3DC6B090282F}.Debug|Any CPU.ActiveCfg = Debug|Win32
		{48E39E15-BE7E-48D2-8F2F-3DC6B090282F}.Debug|Mixed Platforms.ActiveCfg = Debug|Win32
		{48E39E15-BE7E-48D2-8F2F-3DC6B090282F}.Debug|Mixed Platforms.Build.0 = Debug|Win32
		{48E39E15-BE7E-48D2-8F2F-3DC6B090282F}.Debug|Win32.ActiveCfg = Debug|Win32
		{48E39E15-BE7E-48D2-8F2F-3DC6B090282F}.Debug|Win32.Build.0 = Debug|Win32
		{48E39E15-BE7E-48D2-8F2F-3DC6B090282F}.Debug|x64.ActiveCfg = Debug|x64
		{48E39E15-BE7E-48D2-8F2F-3DC6B090282F}.Debug|x64.Build.0 = Debug|x64
		{48E39E15-BE7E-48D2-8F2F-3DC6B090282F}.Release|Any CPU.ActiveCfg = Release|Win32
		{48E39E15-BE7E-48D2-8F2F-3DC6B090282F}.Release|Mixed Platforms.ActiveCfg = Release|Win32
		{48E39E15-BE7E-48D2-8F2F-3DC6B090282F}.Release|Mixed Platforms.Build.0 = Release|Win32
		{48E39E15-BE7E-48D2-8F2F-3DC6B090282F}.Release|Win32.ActiveCfg = Release|Win32
		{48E39E15-BE7E-48D2-8F2F-3DC6B090282F}.Release|Win32.Build.0 = Release|Win32
		{48E39E15-BE7E-48D2-8F2F-3DC6B090282F}.Release|x64.ActiveCfg = Release|x64
		{48E39E15-BE7E-48D2-8F2F-3DC6B090282F}.Release|x64.Build.0 = Release|x64
	EndGlobalSection
	GlobalSection(SolutionProperties) = preSolution
		HideSolutionNode = FALSE
	EndGlobalSection
	GlobalSection(ExtensibilityGlobals) = postSolution
		SolutionGuid = {5100C3CB-E116-4723-AB66-CEA727CF8324}
	EndGlobalSection
EndGlobal
