<?xml version="1.0" encoding="utf-8"?>
<Project ToolsVersion="4.0" xmlns="http://schemas.microsoft.com/developer/msbuild/2003">
  <ItemGroup>
    <Filter Include="common">
      <UniqueIdentifier>{b1261380-3dbe-4783-9534-0a508aad4f3d}</UniqueIdentifier>
    </Filter>
    <Filter Include="mona">
      <UniqueIdentifier>{6efa0091-f374-4c3c-9de7-cd65a19ed552}</UniqueIdentifier>
    </Filter>
    <Filter Include="nestingbirds">
      <UniqueIdentifier>{1db45dea-e4d4-46ad-8d33-3d94238a7344}</UniqueIdentifier>
    </Filter>
  </ItemGroup>
  <ItemGroup>
    <ClInclude Include="..\common\common.h">
      <Filter>common</Filter>
    </ClInclude>
    <ClInclude Include="..\common\random.hpp">
      <Filter>common</Filter>
    </ClInclude>
    <ClInclude Include="..\common\valueset.hpp">
      <Filter>common</Filter>
    </ClInclude>
    <ClInclude Include="..\mona\mona.hpp">
      <Filter>mona</Filter>
    </ClInclude>
    <ClInclude Include="female.hpp">
      <Filter>nestingbirds</Filter>
    </ClInclude>
    <ClInclude Include="male.hpp">
      <Filter>nestingbirds</Filter>
    </ClInclude>
    <ClInclude Include="..\mona\homeostat.hpp">
      <Filter>mona</Filter>
    </ClInclude>
    <ClInclude Include="..\mona\mona-aux.hpp">
      <Filter>mona</Filter>
    </ClInclude>
    <ClInclude Include="..\common\fileio.h">
      <Filter>common</Filter>
    </ClInclude>
    <ClInclude Include="..\common\gettime.h">
      <Filter>common</Filter>
    </ClInclude>
    <ClInclude Include="..\common\log.hpp">
      <Filter>common</Filter>
    </ClInclude>
    <ClInclude Include="..\common\matrix.hpp">
      <Filter>common</Filter>
    </ClInclude>
    <ClInclude Include="..\common\md5.h">
      <Filter>common</Filter>
    </ClInclude>
    <ClInclude Include="..\common\quaternion.hpp">
      <Filter>common</Filter>
    </ClInclude>
    <ClInclude Include="..\common\RDtree.hpp">
      <Filter>common</Filter>
    </ClInclude>
    <ClInclude Include="..\common\vector.hpp">
      <Filter>common</Filter>
    </ClInclude>
    <ClInclude Include="locale.hpp">
      <Filter>nestingbirds</Filter>
    </ClInclude>
    <ClInclude Include="object.hpp">
      <Filter>nestingbirds</Filter>
    </ClInclude>
    <ClInclude Include="orientation.hpp">
      <Filter>nestingbirds</Filter>
    </ClInclude>
  </ItemGroup>
  <ItemGroup>
    <ClCompile Include="..\common\random.cpp">
      <Filter>common</Filter>
    </ClCompile>
    <ClCompile Include="..\mona\drive.cpp">
      <Filter>mona</Filter>
    </ClCompile>
    <ClCompile Include="..\mona\enable.cpp">
      <Filter>mona</Filter>
    </ClCompile>
    <ClCompile Include="..\mona\mona.cpp">
      <Filter>mona</Filter>
    </ClCompile>
    <ClCompile Include="..\mona\respond.cpp">
      <Filter>mona</Filter>
    </ClCompile>
    <ClCompile Include="..\mona\sense.cpp">
      <Filter>mona</Filter>
    </ClCompile>
    <ClCompile Include="female.cpp">
      <Filter>nestingbirds</Filter>
    </ClCompile>
    <ClCompile Include="male.cpp">
      <Filter>nestingbirds</Filter>
    </ClCompile>
    <ClCompile Include="..\mona\homeostat.cpp">
      <Filter>mona</Filter>
    </ClCompile>
    <ClCompile Include="..\mona\learn.cpp">
      <Filter>mona</Filter>
    </ClCompile>
    <ClCompile Include="..\common\fileio.cpp">
      <Filter>common</Filter>
    </ClCompile>
    <ClCompile Include="..\common\gettime.cpp">
      <Filter>common</Filter>
    </ClCompile>
    <ClCompile Include="..\common\log.cpp">
      <Filter>common</Filter>
    </ClCompile>
    <ClCompile Include="..\common\md5.cpp">
      <Filter>common</Filter>
    </ClCompile>
    <ClCompile Include="..\common\quaternion.cpp">
      <Filter>common</Filter>
    </ClCompile>
    <ClCompile Include="..\common\RDtree.cpp">
      <Filter>common</Filter>
    </ClCompile>
    <ClCompile Include="NestingBirds.cpp">
      <Filter>nestingbirds</Filter>
    </ClCompile>
  </ItemGroup>
</Project>